
Microsoft Visual Studio Solution File, Format Version 12.00
# Visual Studio Version 17
VisualStudioVersion = 17.11.35312.102
MinimumVisualStudioVersion = 10.0.40219.1
Project("{FAE04EC0-301F-11D3-BF4B-00C04F79EFBC}") = "X3.0.0.29-Str-Deobf", "X3.0.0.29-Str-Deobf\X3.0.0.29-Str-Deobf.csproj", "{0D48E4FA-CFAF-4820-AF95-CE5F795388E4}"
EndProject
Global
	GlobalSection(SolutionConfigurationPlatforms) = preSolution
		Debug|Any CPU = Debug|Any CPU
		Release|Any CPU = Release|Any CPU
	EndGlobalSection
	GlobalSection(ProjectConfigurationPlatforms) = postSolution
		{0D48E4FA-CFAF-4820-AF95-CE5F795388E4}.Debug|Any CPU.ActiveCfg = Debug|Any CPU
		{0D48E4FA-CFAF-4820-AF95-CE5F795388E4}.Debug|Any CPU.Build.0 = Debug|Any CPU
		{0D48E4FA-CFAF-4820-AF95-CE5F795388E4}.Release|Any CPU.ActiveCfg = Release|Any CPU
		{0D48E4FA-CFAF-4820-AF95-CE5F795388E4}.Release|Any CPU.Build.0 = Release|Any CPU
	EndGlobalSection
	GlobalSection(SolutionProperties) = preSolution
		HideSolutionNode = FALSE
	EndGlobalSection
	GlobalSection(ExtensibilityGlobals) = postSolution
		SolutionGuid = {4E6F8387-640D-4FA4-9D63-3D99B09D5735}
	EndGlobalSection
EndGlobal
